
Microsoft Visual Studio Solution File, Format Version 12.00
# Visual Studio Version 17
VisualStudioVersion = 17.4.33205.214
MinimumVisualStudioVersion = 10.0.40219.1
Project("{FAE04EC0-301F-11D3-BF4B-00C04F79EFBC}") = "AutoSphereApp", "AutoSphereApp\AutoSphereApp.csproj", "{FD33BF0F-FFA3-426F-B39F-F79247F1A0D7}"
EndProject
Global
	GlobalSection(SolutionConfigurationPlatforms) = preSolution
		Debug|Any CPU = Debug|Any CPU
		Release|Any CPU = Release|Any CPU
	EndGlobalSection
	GlobalSection(ProjectConfigurationPlatforms) = postSolution
		{FD33BF0F-FFA3-426F-B39F-F79247F1A0D7}.Debug|Any CPU.ActiveCfg = Debug|Any CPU
		{FD33BF0F-FFA3-426F-B39F-F79247F1A0D7}.Debug|Any CPU.Build.0 = Debug|Any CPU
		{FD33BF0F-FFA3-426F-B39F-F79247F1A0D7}.Release|Any CPU.ActiveCfg = Release|Any CPU
		{FD33BF0F-FFA3-426F-B39F-F79247F1A0D7}.Release|Any CPU.Build.0 = Release|Any CPU
	EndGlobalSection
	GlobalSection(SolutionProperties) = preSolution
		HideSolutionNode = FALSE
	EndGlobalSection
	GlobalSection(ExtensibilityGlobals) = postSolution
		SolutionGuid = {2B9FA0BD-11E5-4500-8A16-E0FD161D1AFA}
	EndGlobalSection
EndGlobal
